
Microsoft Visual Studio Solution File, Format Version 12.00
# Visual Studio 15
VisualStudioVersion = 15.0.27130.2036
MinimumVisualStudioVersion = 10.0.40219.1
Project("{FAE04EC0-301F-11D3-BF4B-00C04F79EFBC}") = "InfoJsonServer", "InfoJsonServer\InfoJsonServer.csproj", "{DDD26520-F6B6-4F51-B51B-D7C2BC48F98E}"
EndProject
Project("{FAE04EC0-301F-11D3-BF4B-00C04F79EFBC}") = "InfoJsonClient", "InfoJsonClient\InfoJsonClient.csproj", "{806952D6-A63D-45FF-B82E-CED05ED35D12}"
EndProject
Global
	GlobalSection(SolutionConfigurationPlatforms) = preSolution
		Debug|Any CPU = Debug|Any CPU
		Release|Any CPU = Release|Any CPU
	EndGlobalSection
	GlobalSection(ProjectConfigurationPlatforms) = postSolution
		{DDD26520-F6B6-4F51-B51B-D7C2BC48F98E}.Debug|Any CPU.ActiveCfg = Debug|Any CPU
		{DDD26520-F6B6-4F51-B51B-D7C2BC48F98E}.Debug|Any CPU.Build.0 = Debug|Any CPU
		{DDD26520-F6B6-4F51-B51B-D7C2BC48F98E}.Release|Any CPU.ActiveCfg = Release|Any CPU
		{DDD26520-F6B6-4F51-B51B-D7C2BC48F98E}.Release|Any CPU.Build.0 = Release|Any CPU
		{806952D6-A63D-45FF-B82E-CED05ED35D12}.Debug|Any CPU.ActiveCfg = Debug|Any CPU
		{806952D6-A63D-45FF-B82E-CED05ED35D12}.Debug|Any CPU.Build.0 = Debug|Any CPU
		{806952D6-A63D-45FF-B82E-CED05ED35D12}.Release|Any CPU.ActiveCfg = Release|Any CPU
		{806952D6-A63D-45FF-B82E-CED05ED35D12}.Release|Any CPU.Build.0 = Release|Any CPU
	EndGlobalSection
	GlobalSection(SolutionProperties) = preSolution
		HideSolutionNode = FALSE
	EndGlobalSection
	GlobalSection(ExtensibilityGlobals) = postSolution
		SolutionGuid = {E03B24CE-60B5-483D-B41F-66998F5ADA33}
	EndGlobalSection
EndGlobal
